Microsoft Visual Studio Solution File, Format Version 12.00
# Visual Studio 2013
VisualStudioVersion = 12.0.21005.1
MinimumVisualStudioVersion = 10.0.40219.1
Project("{FAE04EC0-301F-11D3-BF4B-00C04F79EFBC}") = "Spitfire.Web", "Spitfire.Web\Spitfire.Web.csproj", "{7B3840CF-50D6-48D6-8A2A-310B6F28EA9A}"
EndProject
Project("{FAE04EC0-301F-11D3-BF4B-00C04F79EFBC}") = "Spitfire.Data", "Spitfire.Data\Spitfire.Data.csproj", "{F97E1ED5-B87F-41E8-80D0-76DB59498265}"
EndProject
Project("{FAE04EC0-301F-11D3-BF4B-00C04F79EFBC}") = "Spitfire.Domain", "Spitfire.Domain\Spitfire.Domain.csproj", "{C4D2F952-488F-4A0E-B519-56E975DFFC98}"
EndProject
Global
	GlobalSection(SolutionConfigurationPlatforms) = preSolution
		Debug|Any CPU = Debug|Any CPU
		Release|Any CPU = Release|Any CPU
	EndGlobalSection
	GlobalSection(ProjectConfigurationPlatforms) = postSolution
		{7B3840CF-50D6-48D6-8A2A-310B6F28EA9A}.Debug|Any CPU.ActiveCfg = Debug|Any CPU
		{7B3840CF-50D6-48D6-8A2A-310B6F28EA9A}.Debug|Any CPU.Build.0 = Debug|Any CPU
		{7B3840CF-50D6-48D6-8A2A-310B6F28EA9A}.Release|Any CPU.ActiveCfg = Release|Any CPU
		{7B3840CF-50D6-48D6-8A2A-310B6F28EA9A}.Release|Any CPU.Build.0 = Release|Any CPU
		{F97E1ED5-B87F-41E8-80D0-76DB59498265}.Debug|Any CPU.ActiveCfg = Debug|Any CPU
		{F97E1ED5-B87F-41E8-80D0-76DB59498265}.Debug|Any CPU.Build.0 = Debug|Any CPU
		{F97E1ED5-B87F-41E8-80D0-76DB59498265}.Release|Any CPU.ActiveCfg = Release|Any CPU
		{F97E1ED5-B87F-41E8-80D0-76DB59498265}.Release|Any CPU.Build.0 = Release|Any CPU
		{C4D2F952-488F-4A0E-B519-56E975DFFC98}.Debug|Any CPU.ActiveCfg = Debug|Any CPU
		{C4D2F952-488F-4A0E-B519-56E975DFFC98}.Debug|Any CPU.Build.0 = Debug|Any CPU
		{C4D2F952-488F-4A0E-B519-56E975DFFC98}.Release|Any CPU.ActiveCfg = Release|Any CPU
		{C4D2F952-488F-4A0E-B519-56E975DFFC98}.Release|Any CPU.Build.0 = Release|Any CPU
	EndGlobalSection
	GlobalSection(SolutionProperties) = preSolution
		HideSolutionNode = FALSE
	EndGlobalSection
EndGlobal
